// !$*UTF8*$!
{
	archiveVersion = 1;
	classes = {
	};
	objectVersion = 77;
	objects = {

/* Begin PBXBuildFile section */
		2233495A3062EAC20081C815 /* PawleaseShareExtension.appex in Embed Foundation Extensions */ = {isa = PBXBuildFile; fileRef = 223349503062EAC20081C815 /* PawleaseShareExtension.appex */; settings = {ATTRIBUTES = (RemoveHeadersOnCopy, ); }; };
		22B8695E3062B51400AA214D /* WidgetKit.framework in Frameworks */ = {isa = PBXBuildFile; fileRef = 22B8695D3062B51400AA214D /* WidgetKit.framework */; };
		22B869603062B51400AA214D /* SwiftUI.framework in Frameworks */ = {isa = PBXBuildFile; fileRef = 22B8695F3062B51400AA214D /* SwiftUI.framework */; };
		22B8696B3062B51500AA214D /* PawleaseWidgetExtension.appex in Embed Foundation Extensions */ = {isa = PBXBuildFile; fileRef = 22B8695B3062B51400AA214D /* PawleaseWidgetExtension.appex */; settings = {ATTRIBUTES = (RemoveHeadersOnCopy, ); }; };
/* End PBXBuildFile section */

/* Begin PBXContainerItemProxy section */
		223349583062EAC20081C815 /* PBXContainerItemProxy */ = {
			isa = PBXContainerItemProxy;
			containerPortal = 22B862EA3061722D00AA214D /* Project object */;
			proxyType = 1;
			remoteGlobalIDString = 2233494F3062EAC20081C815;
			remoteInfo = PawleaseShareExtension;
		};
		22B863053061722E00AA214D /* PBXContainerItemProxy */ = {
			isa = PBXContainerItemProxy;
			containerPortal = 22B862EA3061722D00AA214D /* Project object */;
			proxyType = 1;
			remoteGlobalIDString = 22B862F13061722D00AA214D;
			remoteInfo = Pawlease;
		};
		22B8630F3061722E00AA214D /* PBXContainerItemProxy */ = {
			isa = PBXContainerItemProxy;
			containerPortal = 22B862EA3061722D00AA214D /* Project object */;
			proxyType = 1;
			remoteGlobalIDString = 22B862F13061722D00AA214D;
			remoteInfo = Pawlease;
		};
		22B869693062B51500AA214D /* PBXContainerItemProxy */ = {
			isa = PBXContainerItemProxy;
			containerPortal = 22B862EA3061722D00AA214D /* Project object */;
			proxyType = 1;
			remoteGlobalIDString = 22B8695A3062B51400AA214D;
			remoteInfo = PawleaseWidgetExtension;
		};
/* End PBXContainerItemProxy section */

/* Begin PBXCopyFilesBuildPhase section */
		22B869703062B51500AA214D /* Embed Foundation Extensions */ = {
			isa = PBXCopyFilesBuildPhase;
			buildActionMask = 2147483647;
			dstPath = "";
			dstSubfolderSpec = 13;
			files = (
				2233495A3062EAC20081C815 /* PawleaseShareExtension.appex in Embed Foundation Extensions */,
				22B8696B3062B51500AA214D /* PawleaseWidgetExtension.appex in Embed Foundation Extensions */,
			);
			name = "Embed Foundation Extensions";
			runOnlyForDeploymentPostprocessing = 0;
		};
/* End PBXCopyFilesBuildPhase section */

/* Begin PBXFileReference section */
		223349503062EAC20081C815 /* PawleaseShareExtension.appex */ = {isa = PBXFileReference; explicitFileType = "wrapper.app-extension"; includeInIndex = 0; path = PawleaseShareExtension.appex; sourceTree = BUILT_PRODUCTS_DIR; };
		22B862F23061722D00AA214D /* Pawlease.app */ = {isa = PBXFileReference; explicitFileType = wrapper.application; includeInIndex = 0; path = Pawlease.app; sourceTree = BUILT_PRODUCTS_DIR; };
		22B863043061722E00AA214D /* PawleaseTests.xctest */ = {isa = PBXFileReference; explicitFileType = wrapper.cfbundle; includeInIndex = 0; path = PawleaseTests.xctest; sourceTree = BUILT_PRODUCTS_DIR; };
		22B8630E3061722E00AA214D /* PawleaseUITests.xctest */ = {isa = PBXFileReference; explicitFileType = wrapper.cfbundle; includeInIndex = 0; path = PawleaseUITests.xctest; sourceTree = BUILT_PRODUCTS_DIR; };
		22B8695B3062B51400AA214D /* PawleaseWidgetExtension.appex */ = {isa = PBXFileReference; explicitFileType = "wrapper.app-extension"; includeInIndex = 0; path = PawleaseWidgetExtension.appex; sourceTree = BUILT_PRODUCTS_DIR; };
		22B8695D3062B51400AA214D /* WidgetKit.framework */ = {isa = PBXFileReference; lastKnownFileType = wrapper.framework; name = WidgetKit.framework; path = System/Library/Frameworks/WidgetKit.framework; sourceTree = SDKROOT; };
		22B8695F3062B51400AA214D /* SwiftUI.framework */ = {isa = PBXFileReference; lastKnownFileType = wrapper.framework; name = SwiftUI.framework; path = System/Library/Frameworks/SwiftUI.framework; sourceTree = SDKROOT; };
		22B869713062B61C00AA214D /* PawleaseWidgetExtension.entitlements */ = {isa = PBXFileReference; lastKnownFileType = text.plist.entitlements; path = PawleaseWidgetExtension.entitlements; sourceTree = "<group>"; };
/* End PBXFileReference section */

/* Begin PBXFileSystemSynchronizedBuildFileExceptionSet section */
		2233495E3062EAC20081C815 /* Exceptions for "PawleaseShareExtension" folder in "PawleaseShareExtension" target */ = {
			isa = PBXFileSystemSynchronizedBuildFileExceptionSet;
			membershipExceptions = (
				Info.plist,
			);
			target = 2233494F3062EAC20081C815 /* PawleaseShareExtension */;
		};
		22B8696C3062B51500AA214D /* Exceptions for "PawleaseWidget" folder in "PawleaseWidgetExtension" target */ = {
			isa = PBXFileSystemSynchronizedBuildFileExceptionSet;
			membershipExceptions = (
				Info.plist,
			);
			target = 22B8695A3062B51400AA214D /* PawleaseWidgetExtension */;
		};
		22B869740063000100AA214D /* Exceptions for "Pawlease" folder in "Pawlease" target */ = {
			isa = PBXFileSystemSynchronizedBuildFileExceptionSet;
			membershipExceptions = (
				Resources/Info.plist,
			);
			target = 22B862F13061722D00AA214D /* Pawlease */;
		};
/* End PBXFileSystemSynchronizedBuildFileExceptionSet section */

/* Begin PBXFileSystemSynchronizedRootGroup section */
		223349513062EAC20081C815 /* PawleaseShareExtension */ = {
			isa = PBXFileSystemSynchronizedRootGroup;
			exceptions = (
				2233495E3062EAC20081C815 /* Exceptions for "PawleaseShareExtension" folder in "PawleaseShareExtension" target */,
			);
			path = PawleaseShareExtension;
			sourceTree = "<group>";
		};
		22B862F43061722D00AA214D /* Pawlease */ = {
			isa = PBXFileSystemSynchronizedRootGroup;
			exceptions = (
				22B869740063000100AA214D /* Exceptions for "Pawlease" folder in "Pawlease" target */,
			);
			path = Pawlease;
			sourceTree = "<group>";
		};
		22B863073061722E00AA214D /* PawleaseTests */ = {
			isa = PBXFileSystemSynchronizedRootGroup;
			path = PawleaseTests;
			sourceTree = "<group>";
		};
		22B863113061722E00AA214D /* PawleaseUITests */ = {
			isa = PBXFileSystemSynchronizedRootGroup;
			path = PawleaseUITests;
			sourceTree = "<group>";
		};
		22B869613062B51400AA214D /* PawleaseWidget */ = {
			isa = PBXFileSystemSynchronizedRootGroup;
			exceptions = (
				22B8696C3062B51500AA214D /* Exceptions for "PawleaseWidget" folder in "PawleaseWidgetExtension" target */,
			);
			path = PawleaseWidget;
			sourceTree = "<group>";
		};
		22B869730063000100AA214D /* SharedKit */ = {
			isa = PBXFileSystemSynchronizedRootGroup;
			path = SharedKit;
			sourceTree = "<group>";
		};
/* End PBXFileSystemSynchronizedRootGroup section */

/* Begin PBXFrameworksBuildPhase section */
		2233494D3062EAC20081C815 /* Frameworks */ = {
			isa = PBXFrameworksBuildPhase;
			buildActionMask = 2147483647;
			files = (
			);
			runOnlyForDeploymentPostprocessing = 0;
		};
		22B862EF3061722D00AA214D /* Frameworks */ = {
			isa = PBXFrameworksBuildPhase;
			buildActionMask = 2147483647;
			files = (
			);
			runOnlyForDeploymentPostprocessing = 0;
		};
		22B863013061722E00AA214D /* Frameworks */ = {
			isa = PBXFrameworksBuildPhase;
			buildActionMask = 2147483647;
			files = (
			);
			runOnlyForDeploymentPostprocessing = 0;
		};
		22B8630B3061722E00AA214D /* Frameworks */ = {
			isa = PBXFrameworksBuildPhase;
			buildActionMask = 2147483647;
			files = (
			);
			runOnlyForDeploymentPostprocessing = 0;
		};
		22B869583062B51400AA214D /* Frameworks */ = {
			isa = PBXFrameworksBuildPhase;
			buildActionMask = 2147483647;
			files = (
				22B869603062B51400AA214D /* SwiftUI.framework in Frameworks */,
				22B8695E3062B51400AA214D /* WidgetKit.framework in Frameworks */,
			);
			runOnlyForDeploymentPostprocessing = 0;
		};
/* End PBXFrameworksBuildPhase section */

/* Begin PBXGroup section */
		22B862E93061722D00AA214D = {
			isa = PBXGroup;
			children = (
				22B869713062B61C00AA214D /* PawleaseWidgetExtension.entitlements */,
				22B862F43061722D00AA214D /* Pawlease */,
				22B863073061722E00AA214D /* PawleaseTests */,
				22B863113061722E00AA214D /* PawleaseUITests */,
				22B869613062B51400AA214D /* PawleaseWidget */,
				22B869730063000100AA214D /* SharedKit */,
				223349513062EAC20081C815 /* PawleaseShareExtension */,
				22B8695C3062B51400AA214D /* Frameworks */,
				22B862F33061722D00AA214D /* Products */,
			);
			sourceTree = "<group>";
		};
		22B862F33061722D00AA214D /* Products */ = {
			isa = PBXGroup;
			children = (
				22B862F23061722D00AA214D /* Pawlease.app */,
				22B863043061722E00AA214D /* PawleaseTests.xctest */,
				22B8630E3061722E00AA214D /* PawleaseUITests.xctest */,
				22B8695B3062B51400AA214D /* PawleaseWidgetExtension.appex */,
				223349503062EAC20081C815 /* PawleaseShareExtension.appex */,
			);
			name = Products;
			sourceTree = "<group>";
		};
		22B8695C3062B51400AA214D /* Frameworks */ = {
			isa = PBXGroup;
			children = (
				22B8695D3062B51400AA214D /* WidgetKit.framework */,
				22B8695F3062B51400AA214D /* SwiftUI.framework */,
			);
			name = Frameworks;
			sourceTree = "<group>";
		};
/* End PBXGroup section */

/* Begin PBXNativeTarget section */
		2233494F3062EAC20081C815 /* PawleaseShareExtension */ = {
			isa = PBXNativeTarget;
			buildConfigurationList = 2233495B3062EAC20081C815 /* Build configuration list for PBXNativeTarget "PawleaseShareExtension" */;
			buildPhases = (
				2233494C3062EAC20081C815 /* Sources */,
				2233494D3062EAC20081C815 /* Frameworks */,
				2233494E3062EAC20081C815 /* Resources */,
			);
			buildRules = (
			);
			dependencies = (
			);
			fileSystemSynchronizedGroups = (
				223349513062EAC20081C815 /* PawleaseShareExtension */,
			);
			name = PawleaseShareExtension;
			packageProductDependencies = (
			);
			productName = PawleaseShareExtension;
			productReference = 223349503062EAC20081C815 /* PawleaseShareExtension.appex */;
			productType = "com.apple.product-type.app-extension";
		};
		22B862F13061722D00AA214D /* Pawlease */ = {
			isa = PBXNativeTarget;
			buildConfigurationList = 22B863183061722E00AA214D /* Build configuration list for PBXNativeTarget "Pawlease" */;
			buildPhases = (
				22B862EE3061722D00AA214D /* Sources */,
				22B862EF3061722D00AA214D /* Frameworks */,
				22B862F03061722D00AA214D /* Resources */,
				22B869703062B51500AA214D /* Embed Foundation Extensions */,
			);
			buildRules = (
			);
			dependencies = (
				22B8696A3062B51500AA214D /* PBXTargetDependency */,
				223349593062EAC20081C815 /* PBXTargetDependency */,
			);
			fileSystemSynchronizedGroups = (
				22B862F43061722D00AA214D /* Pawlease */,
				22B869730063000100AA214D /* SharedKit */,
			);
			name = Pawlease;
			packageProductDependencies = (
			);
			productName = Pawlease;
			productReference = 22B862F23061722D00AA214D /* Pawlease.app */;
			productType = "com.apple.product-type.application";
		};
		22B863033061722E00AA214D /* PawleaseTests */ = {
			isa = PBXNativeTarget;
			buildConfigurationList = 22B8631B3061722E00AA214D /* Build configuration list for PBXNativeTarget "PawleaseTests" */;
			buildPhases = (
				22B863003061722E00AA214D /* Sources */,
				22B863013061722E00AA214D /* Frameworks */,
				22B863023061722E00AA214D /* Resources */,
			);
			buildRules = (
			);
			dependencies = (
				22B863063061722E00AA214D /* PBXTargetDependency */,
			);
			fileSystemSynchronizedGroups = (
				22B863073061722E00AA214D /* PawleaseTests */,
			);
			name = PawleaseTests;
			packageProductDependencies = (
			);
			productName = PawleaseTests;
			productReference = 22B863043061722E00AA214D /* PawleaseTests.xctest */;
			productType = "com.apple.product-type.bundle.unit-test";
		};
		22B8630D3061722E00AA214D /* PawleaseUITests */ = {
			isa = PBXNativeTarget;
			buildConfigurationList = 22B8631E3061722E00AA214D /* Build configuration list for PBXNativeTarget "PawleaseUITests" */;
			buildPhases = (
				22B8630A3061722E00AA214D /* Sources */,
				22B8630B3061722E00AA214D /* Frameworks */,
				22B8630C3061722E00AA214D /* Resources */,
			);
			buildRules = (
			);
			dependencies = (
				22B863103061722E00AA214D /* PBXTargetDependency */,
			);
			fileSystemSynchronizedGroups = (
				22B863113061722E00AA214D /* PawleaseUITests */,
			);
			name = PawleaseUITests;
			packageProductDependencies = (
			);
			productName = PawleaseUITests;
			productReference = 22B8630E3061722E00AA214D /* PawleaseUITests.xctest */;
			productType = "com.apple.product-type.bundle.ui-testing";
		};
		22B8695A3062B51400AA214D /* PawleaseWidgetExtension */ = {
			isa = PBXNativeTarget;
			buildConfigurationList = 22B8696D3062B51500AA214D /* Build configuration list for PBXNativeTarget "PawleaseWidgetExtension" */;
			buildPhases = (
				22B869573062B51400AA214D /* Sources */,
				22B869583062B51400AA214D /* Frameworks */,
				22B869593062B51400AA214D /* Resources */,
			);
			buildRules = (
			);
			dependencies = (
			);
			fileSystemSynchronizedGroups = (
				22B869613062B51400AA214D /* PawleaseWidget */,
				22B869730063000100AA214D /* SharedKit */,
			);
			name = PawleaseWidgetExtension;
			packageProductDependencies = (
			);
			productName = PawleaseWidgetExtension;
			productReference = 22B8695B3062B51400AA214D /* PawleaseWidgetExtension.appex */;
			productType = "com.apple.product-type.app-extension";
		};
/* End PBXNativeTarget section */

/* Begin PBXProject section */
		22B862EA3061722D00AA214D /* Project object */ = {
			isa = PBXProject;
			attributes = {
				BuildIndependentTargetsInParallel = 1;
				LastSwiftUpdateCheck = 2700;
				LastUpgradeCheck = 2660;
				TargetAttributes = {
					2233494F3062EAC20081C815 = {
						CreatedOnToolsVersion = 27.0;
					};
					22B862F13061722D00AA214D = {
						CreatedOnToolsVersion = 26.6;
					};
					22B863033061722E00AA214D = {
						CreatedOnToolsVersion = 26.6;
						TestTargetID = 22B862F13061722D00AA214D;
					};
					22B8630D3061722E00AA214D = {
						CreatedOnToolsVersion = 26.6;
						TestTargetID = 22B862F13061722D00AA214D;
					};
					22B8695A3062B51400AA214D = {
						CreatedOnToolsVersion = 26.6;
					};
				};
			};
			buildConfigurationList = 22B862ED3061722D00AA214D /* Build configuration list for PBXProject "Pawlease" */;
			developmentRegion = en;
			hasScannedForEncodings = 0;
			knownRegions = (
				en,
				Base,
			);
			mainGroup = 22B862E93061722D00AA214D;
			minimizedProjectReferenceProxies = 1;
			preferredProjectObjectVersion = 77;
			productRefGroup = 22B862F33061722D00AA214D /* Products */;
			projectDirPath = "";
			projectRoot = "";
			targets = (
				22B862F13061722D00AA214D /* Pawlease */,
				22B863033061722E00AA214D /* PawleaseTests */,
				22B8630D3061722E00AA214D /* PawleaseUITests */,
				22B8695A3062B51400AA214D /* PawleaseWidgetExtension */,
				2233494F3062EAC20081C815 /* PawleaseShareExtension */,
			);
		};
/* End PBXProject section */

/* Begin PBXResourcesBuildPhase section */
		2233494E3062EAC20081C815 /* Resources */ = {
			isa = PBXResourcesBuildPhase;
			buildActionMask = 2147483647;
			files = (
			);
			runOnlyForDeploymentPostprocessing = 0;
		};
		22B862F03061722D00AA214D /* Resources */ = {
			isa = PBXResourcesBuildPhase;
			buildActionMask = 2147483647;
			files = (
			);
			runOnlyForDeploymentPostprocessing = 0;
		};
		22B863023061722E00AA214D /* Resources */ = {
			isa = PBXResourcesBuildPhase;
			buildActionMask = 2147483647;
			files = (
			);
			runOnlyForDeploymentPostprocessing = 0;
		};
		22B8630C3061722E00AA214D /* Resources */ = {
			isa = PBXResourcesBuildPhase;
			buildActionMask = 2147483647;
			files = (
			);
			runOnlyForDeploymentPostprocessing = 0;
		};
		22B869593062B51400AA214D /* Resources */ = {
			isa = PBXResourcesBuildPhase;
			buildActionMask = 2147483647;
			files = (
			);
			runOnlyForDeploymentPostprocessing = 0;
		};
/* End PBXResourcesBuildPhase section */

/* Begin PBXSourcesBuildPhase section */
		2233494C3062EAC20081C815 /* Sources */ = {
			isa = PBXSourcesBuildPhase;
			buildActionMask = 2147483647;
			files = (
			);
			runOnlyForDeploymentPostprocessing = 0;
		};
		22B862EE3061722D00AA214D /* Sources */ = {
			isa = PBXSourcesBuildPhase;
			buildActionMask = 2147483647;
			files = (
			);
			runOnlyForDeploymentPostprocessing = 0;
		};
		22B863003061722E00AA214D /* Sources */ = {
			isa = PBXSourcesBuildPhase;
			buildActionMask = 2147483647;
			files = (
			);
			runOnlyForDeploymentPostprocessing = 0;
		};
		22B8630A3061722E00AA214D /* Sources */ = {
			isa = PBXSourcesBuildPhase;
			buildActionMask = 2147483647;
			files = (
			);
			runOnlyForDeploymentPostprocessing = 0;
		};
		22B869573062B51400AA214D /* Sources */ = {
			isa = PBXSourcesBuildPhase;
			buildActionMask = 2147483647;
			files = (
			);
			runOnlyForDeploymentPostprocessing = 0;
		};
/* End PBXSourcesBuildPhase section */

/* Begin PBXTargetDependency section */
		223349593062EAC20081C815 /* PBXTargetDependency */ = {
			isa = PBXTargetDependency;
			target = 2233494F3062EAC20081C815 /* PawleaseShareExtension */;
			targetProxy = 223349583062EAC20081C815 /* PBXContainerItemProxy */;
		};
		22B863063061722E00AA214D /* PBXTargetDependency */ = {
			isa = PBXTargetDependency;
			target = 22B862F13061722D00AA214D /* Pawlease */;
			targetProxy = 22B863053061722E00AA214D /* PBXContainerItemProxy */;
		};
		22B863103061722E00AA214D /* PBXTargetDependency */ = {
			isa = PBXTargetDependency;
			target = 22B862F13061722D00AA214D /* Pawlease */;
			targetProxy = 22B8630F3061722E00AA214D /* PBXContainerItemProxy */;
		};
		22B8696A3062B51500AA214D /* PBXTargetDependency */ = {
			isa = PBXTargetDependency;
			target = 22B8695A3062B51400AA214D /* PawleaseWidgetExtension */;
			targetProxy = 22B869693062B51500AA214D /* PBXContainerItemProxy */;
		};
/* End PBXTargetDependency section */

/* Begin XCBuildConfiguration section */
		2233495C3062EAC20081C815 /* Debug */ = {
			isa = XCBuildConfiguration;
			buildSettings = {
				CODE_SIGN_STYLE = Automatic;
				CURRENT_PROJECT_VERSION = 1;
				DEVELOPMENT_TEAM = 4BZG6CR5HT;
				GENERATE_INFOPLIST_FILE = YES;
				INFOPLIST_FILE = PawleaseShareExtension/Info.plist;
				INFOPLIST_KEY_CFBundleDisplayName = PawleaseShareExtension;
				INFOPLIST_KEY_NSHumanReadableCopyright = "";
				IPHONEOS_DEPLOYMENT_TARGET = 17.0;
				LD_RUNPATH_SEARCH_PATHS = (
					"$(inherited)",
					"@executable_path/Frameworks",
					"@executable_path/../../Frameworks",
				);
				MARKETING_VERSION = 1.0;
				PRODUCT_BUNDLE_IDENTIFIER = com.lili.Pawlease.PawleaseShareExtension;
				PRODUCT_NAME = "$(TARGET_NAME)";
				SKIP_INSTALL = YES;
				STRING_CATALOG_GENERATE_SYMBOLS = YES;
				SWIFT_APPROACHABLE_CONCURRENCY = YES;
				SWIFT_EMIT_LOC_STRINGS = YES;
				SWIFT_UPCOMING_FEATURE_MEMBER_IMPORT_VISIBILITY = YES;
				SWIFT_VERSION = 5.0;
				TARGETED_DEVICE_FAMILY = "1,2";
			};
			name = Debug;
		};
		2233495D3062EAC20081C815 /* Release */ = {
			isa = XCBuildConfiguration;
			buildSettings = {
				CODE_SIGN_STYLE = Automatic;
				CURRENT_PROJECT_VERSION = 1;
				DEVELOPMENT_TEAM = 4BZG6CR5HT;
				GENERATE_INFOPLIST_FILE = YES;
				INFOPLIST_FILE = PawleaseShareExtension/Info.plist;
				INFOPLIST_KEY_CFBundleDisplayName = PawleaseShareExtension;
				INFOPLIST_KEY_NSHumanReadableCopyright = "";
				IPHONEOS_DEPLOYMENT_TARGET = 17.0;
				LD_RUNPATH_SEARCH_PATHS = (
					"$(inherited)",
					"@executable_path/Frameworks",
					"@executable_path/../../Frameworks",
				);
				MARKETING_VERSION = 1.0;
				PRODUCT_BUNDLE_IDENTIFIER = com.lili.Pawlease.PawleaseShareExtension;
				PRODUCT_NAME = "$(TARGET_NAME)";
				SKIP_INSTALL = YES;
				STRING_CATALOG_GENERATE_SYMBOLS = YES;
				SWIFT_APPROACHABLE_CONCURRENCY = YES;
				SWIFT_EMIT_LOC_STRINGS = YES;
				SWIFT_UPCOMING_FEATURE_MEMBER_IMPORT_VISIBILITY = YES;
				SWIFT_VERSION = 5.0;
				TARGETED_DEVICE_FAMILY = "1,2";
			};
			name = Release;
		};
		22B863163061722E00AA214D /* Debug */ = {
			isa = XCBuildConfiguration;
			buildSettings = {
				ALWAYS_SEARCH_USER_PATHS = NO;
				ASSETCATALOG_COMPILER_GENERATE_SWIFT_ASSET_SYMBOL_EXTENSIONS = YES;
				CLANG_ANALYZER_NONNULL = YES;
				CLANG_ANALYZER_NUMBER_OBJECT_CONVERSION = YES_AGGRESSIVE;
				CLANG_CXX_LANGUAGE_STANDARD = "gnu++20";
				CLANG_ENABLE_MODULES = YES;
				CLANG_ENABLE_OBJC_ARC = YES;
				CLANG_ENABLE_OBJC_WEAK = YES;
				CLANG_WARN_BLOCK_CAPTURE_AUTORELEASING = YES;
				CLANG_WARN_BOOL_CONVERSION = YES;
				CLANG_WARN_COMMA = YES;
				CLANG_WARN_CONSTANT_CONVERSION = YES;
				CLANG_WARN_DEPRECATED_OBJC_IMPLEMENTATIONS = YES;
				CLANG_WARN_DIRECT_OBJC_ISA_USAGE = YES_ERROR;
				CLANG_WARN_DOCUMENTATION_COMMENTS = YES;
				CLANG_WARN_EMPTY_BODY = YES;
				CLANG_WARN_ENUM_CONVERSION = YES;
				CLANG_WARN_INFINITE_RECURSION = YES;
				CLANG_WARN_INT_CONVERSION = YES;
				CLANG_WARN_NON_LITERAL_NULL_CONVERSION = YES;
				CLANG_WARN_OBJC_IMPLICIT_RETAIN_SELF = YES;
				CLANG_WARN_OBJC_LITERAL_CONVERSION = YES;
				CLANG_WARN_OBJC_ROOT_CLASS = YES_ERROR;
				CLANG_WARN_QUOTED_INCLUDE_IN_FRAMEWORK_HEADER = YES;
				CLANG_WARN_RANGE_LOOP_ANALYSIS = YES;
				CLANG_WARN_STRICT_PROTOTYPES = YES;
				CLANG_WARN_SUSPICIOUS_MOVE = YES;
				CLANG_WARN_UNGUARDED_AVAILABILITY = YES_AGGRESSIVE;
				CLANG_WARN_UNREACHABLE_CODE = YES;
				CLANG_WARN__DUPLICATE_METHOD_MATCH = YES;
				COPY_PHASE_STRIP = NO;
				DEBUG_INFORMATION_FORMAT = dwarf;
				ENABLE_STRICT_OBJC_MSGSEND = YES;
				ENABLE_TESTABILITY = YES;
				ENABLE_USER_SCRIPT_SANDBOXING = YES;
				GCC_C_LANGUAGE_STANDARD = gnu17;
				GCC_DYNAMIC_NO_PIC = NO;
				GCC_NO_COMMON_BLOCKS = YES;
				GCC_OPTIMIZATION_LEVEL = 0;
				GCC_PREPROCESSOR_DEFINITIONS = (
					"DEBUG=1",
					"$(inherited)",
				);
				GCC_WARN_64_TO_32_BIT_CONVERSION = YES;
				GCC_WARN_ABOUT_RETURN_TYPE = YES_ERROR;
				GCC_WARN_UNDECLARED_SELECTOR = YES;
				GCC_WARN_UNINITIALIZED_AUTOS = YES_AGGRESSIVE;
				GCC_WARN_UNUSED_FUNCTION = YES;
				GCC_WARN_UNUSED_VARIABLE = YES;
				IPHONEOS_DEPLOYMENT_TARGET = 17.0;
				LOCALIZATION_PREFERS_STRING_CATALOGS = YES;
				MTL_ENABLE_DEBUG_INFO = INCLUDE_SOURCE;
				MTL_FAST_MATH = YES;
				ONLY_ACTIVE_ARCH = YES;
				SDKROOT = iphoneos;
				SWIFT_ACTIVE_COMPILATION_CONDITIONS = "DEBUG $(inherited)";
				SWIFT_OPTIMIZATION_LEVEL = "-Onone";
			};
			name = Debug;
		};
		22B863173061722E00AA214D /* Release */ = {
			isa = XCBuildConfiguration;
			buildSettings = {
				ALWAYS_SEARCH_USER_PATHS = NO;
				ASSETCATALOG_COMPILER_GENERATE_SWIFT_ASSET_SYMBOL_EXTENSIONS = YES;
				CLANG_ANALYZER_NONNULL = YES;
				CLANG_ANALYZER_NUMBER_OBJECT_CONVERSION = YES_AGGRESSIVE;
				CLANG_CXX_LANGUAGE_STANDARD = "gnu++20";
				CLANG_ENABLE_MODULES = YES;
				CLANG_ENABLE_OBJC_ARC = YES;
				CLANG_ENABLE_OBJC_WEAK = YES;
				CLANG_WARN_BLOCK_CAPTURE_AUTORELEASING = YES;
				CLANG_WARN_BOOL_CONVERSION = YES;
				CLANG_WARN_COMMA = YES;
				CLANG_WARN_CONSTANT_CONVERSION = YES;
				CLANG_WARN_DEPRECATED_OBJC_IMPLEMENTATIONS = YES;
				CLANG_WARN_DIRECT_OBJC_ISA_USAGE = YES_ERROR;
				CLANG_WARN_DOCUMENTATION_COMMENTS = YES;
				CLANG_WARN_EMPTY_BODY = YES;
				CLANG_WARN_ENUM_CONVERSION = YES;
				CLANG_WARN_INFINITE_RECURSION = YES;
				CLANG_WARN_INT_CONVERSION = YES;
				CLANG_WARN_NON_LITERAL_NULL_CONVERSION = YES;
				CLANG_WARN_OBJC_IMPLICIT_RETAIN_SELF = YES;
				CLANG_WARN_OBJC_LITERAL_CONVERSION = YES;
				CLANG_WARN_OBJC_ROOT_CLASS = YES_ERROR;
				CLANG_WARN_QUOTED_INCLUDE_IN_FRAMEWORK_HEADER = YES;
				CLANG_WARN_RANGE_LOOP_ANALYSIS = YES;
				CLANG_WARN_STRICT_PROTOTYPES = YES;
				CLANG_WARN_SUSPICIOUS_MOVE = YES;
				CLANG_WARN_UNGUARDED_AVAILABILITY = YES_AGGRESSIVE;
				CLANG_WARN_UNREACHABLE_CODE = YES;
				CLANG_WARN__DUPLICATE_METHOD_MATCH = YES;
				COPY_PHASE_STRIP = NO;
				DEBUG_INFORMATION_FORMAT = "dwarf-with-dsym";
				ENABLE_NS_ASSERTIONS = NO;
				ENABLE_STRICT_OBJC_MSGSEND = YES;
				ENABLE_USER_SCRIPT_SANDBOXING = YES;
				GCC_C_LANGUAGE_STANDARD = gnu17;
				GCC_NO_COMMON_BLOCKS = YES;
				GCC_WARN_64_TO_32_BIT_CONVERSION = YES;
				GCC_WARN_ABOUT_RETURN_TYPE = YES_ERROR;
				GCC_WARN_UNDECLARED_SELECTOR = YES;
				GCC_WARN_UNINITIALIZED_AUTOS = YES_AGGRESSIVE;
				GCC_WARN_UNUSED_FUNCTION = YES;
				GCC_WARN_UNUSED_VARIABLE = YES;
				IPHONEOS_DEPLOYMENT_TARGET = 17.0;
				LOCALIZATION_PREFERS_STRING_CATALOGS = YES;
				MTL_ENABLE_DEBUG_INFO = NO;
				MTL_FAST_MATH = YES;
				SDKROOT = iphoneos;
				SWIFT_COMPILATION_MODE = wholemodule;
				VALIDATE_PRODUCT = YES;
			};
			name = Release;
		};
		22B863193061722E00AA214D /* Debug */ = {
			isa = XCBuildConfiguration;
			buildSettings = {
				ASSETCATALOG_COMPILER_APPICON_NAME = AppIcon;
				ASSETCATALOG_COMPILER_GLOBAL_ACCENT_COLOR_NAME = AccentColor;
				CODE_SIGN_ENTITLEMENTS = Pawlease/App/Pawlease.entitlements;
				CODE_SIGN_STYLE = Automatic;
				CURRENT_PROJECT_VERSION = 1;
				DEVELOPMENT_TEAM = 4BZG6CR5HT;
				ENABLE_PREVIEWS = YES;
				GENERATE_INFOPLIST_FILE = YES;
				INFOPLIST_FILE = Pawlease/Resources/Info.plist;
				INFOPLIST_KEY_CKSharingSupported = YES;
				INFOPLIST_KEY_UIApplicationSceneManifest_Generation = YES;
				INFOPLIST_KEY_UIApplicationSupportsIndirectInputEvents = YES;
				INFOPLIST_KEY_UIBackgroundModes = "remote-notification";
				INFOPLIST_KEY_UILaunchScreen_Generation = YES;
				INFOPLIST_KEY_UISupportedInterfaceOrientations_iPad = "UIInterfaceOrientationPortrait UIInterfaceOrientationPortraitUpsideDown UIInterfaceOrientationLandscapeLeft UIInterfaceOrientationLandscapeRight";
				INFOPLIST_KEY_UISupportedInterfaceOrientations_iPhone = "UIInterfaceOrientationPortrait UIInterfaceOrientationLandscapeLeft UIInterfaceOrientationLandscapeRight";
				LD_RUNPATH_SEARCH_PATHS = (
					"$(inherited)",
					"@executable_path/Frameworks",
				);
				MARKETING_VERSION = 1.0;
				PRODUCT_BUNDLE_IDENTIFIER = com.lili.Pawlease;
				PRODUCT_NAME = "$(TARGET_NAME)";
				STRING_CATALOG_GENERATE_SYMBOLS = YES;
				SWIFT_APPROACHABLE_CONCURRENCY = YES;
				SWIFT_EMIT_LOC_STRINGS = YES;
				SWIFT_UPCOMING_FEATURE_MEMBER_IMPORT_VISIBILITY = YES;
				SWIFT_VERSION = 5.0;
				TARGETED_DEVICE_FAMILY = "1,2";
			};
			name = Debug;
		};
		22B8631A3061722E00AA214D /* Release */ = {
			isa = XCBuildConfiguration;
			buildSettings = {
				ASSETCATALOG_COMPILER_APPICON_NAME = AppIcon;
				ASSETCATALOG_COMPILER_GLOBAL_ACCENT_COLOR_NAME = AccentColor;
				CODE_SIGN_ENTITLEMENTS = Pawlease/App/Pawlease.entitlements;
				CODE_SIGN_STYLE = Automatic;
				CURRENT_PROJECT_VERSION = 1;
				DEVELOPMENT_TEAM = 4BZG6CR5HT;
				ENABLE_PREVIEWS = YES;
				GENERATE_INFOPLIST_FILE = YES;
				INFOPLIST_FILE = Pawlease/Resources/Info.plist;
				INFOPLIST_KEY_CKSharingSupported = YES;
				INFOPLIST_KEY_UIApplicationSceneManifest_Generation = YES;
				INFOPLIST_KEY_UIApplicationSupportsIndirectInputEvents = YES;
				INFOPLIST_KEY_UIBackgroundModes = "remote-notification";
				INFOPLIST_KEY_UILaunchScreen_Generation = YES;
				INFOPLIST_KEY_UISupportedInterfaceOrientations_iPad = "UIInterfaceOrientationPortrait UIInterfaceOrientationPortraitUpsideDown UIInterfaceOrientationLandscapeLeft UIInterfaceOrientationLandscapeRight";
				INFOPLIST_KEY_UISupportedInterfaceOrientations_iPhone = "UIInterfaceOrientationPortrait UIInterfaceOrientationLandscapeLeft UIInterfaceOrientationLandscapeRight";
				LD_RUNPATH_SEARCH_PATHS = (
					"$(inherited)",
					"@executable_path/Frameworks",
				);
				MARKETING_VERSION = 1.0;
				PRODUCT_BUNDLE_IDENTIFIER = com.lili.Pawlease;
				PRODUCT_NAME = "$(TARGET_NAME)";
				STRING_CATALOG_GENERATE_SYMBOLS = YES;
				SWIFT_APPROACHABLE_CONCURRENCY = YES;
				SWIFT_EMIT_LOC_STRINGS = YES;
				SWIFT_UPCOMING_FEATURE_MEMBER_IMPORT_VISIBILITY = YES;
				SWIFT_VERSION = 5.0;
				TARGETED_DEVICE_FAMILY = "1,2";
			};
			name = Release;
		};
		22B8631C3061722E00AA214D /* Debug */ = {
			isa = XCBuildConfiguration;
			buildSettings = {
				BUNDLE_LOADER = "$(TEST_HOST)";
				CODE_SIGN_STYLE = Automatic;
				CURRENT_PROJECT_VERSION = 1;
				DEVELOPMENT_TEAM = 4BZG6CR5HT;
				GENERATE_INFOPLIST_FILE = YES;
				IPHONEOS_DEPLOYMENT_TARGET = 17.0;
				MARKETING_VERSION = 1.0;
				PRODUCT_BUNDLE_IDENTIFIER = com.lili.PawleaseTests;
				PRODUCT_NAME = "$(TARGET_NAME)";
				STRING_CATALOG_GENERATE_SYMBOLS = NO;
				SWIFT_APPROACHABLE_CONCURRENCY = YES;
				SWIFT_EMIT_LOC_STRINGS = NO;
				SWIFT_UPCOMING_FEATURE_MEMBER_IMPORT_VISIBILITY = YES;
				SWIFT_VERSION = 5.0;
				TARGETED_DEVICE_FAMILY = "1,2";
				TEST_HOST = "$(BUILT_PRODUCTS_DIR)/Pawlease.app/$(BUNDLE_EXECUTABLE_FOLDER_PATH)/Pawlease";
			};
			name = Debug;
		};
		22B8631D3061722E00AA214D /* Release */ = {
			isa = XCBuildConfiguration;
			buildSettings = {
				BUNDLE_LOADER = "$(TEST_HOST)";
				CODE_SIGN_STYLE = Automatic;
				CURRENT_PROJECT_VERSION = 1;
				DEVELOPMENT_TEAM = 4BZG6CR5HT;
				GENERATE_INFOPLIST_FILE = YES;
				IPHONEOS_DEPLOYMENT_TARGET = 17.0;
				MARKETING_VERSION = 1.0;
				PRODUCT_BUNDLE_IDENTIFIER = com.lili.PawleaseTests;
				PRODUCT_NAME = "$(TARGET_NAME)";
				STRING_CATALOG_GENERATE_SYMBOLS = NO;
				SWIFT_APPROACHABLE_CONCURRENCY = YES;
				SWIFT_EMIT_LOC_STRINGS = NO;
				SWIFT_UPCOMING_FEATURE_MEMBER_IMPORT_VISIBILITY = YES;
				SWIFT_VERSION = 5.0;
				TARGETED_DEVICE_FAMILY = "1,2";
				TEST_HOST = "$(BUILT_PRODUCTS_DIR)/Pawlease.app/$(BUNDLE_EXECUTABLE_FOLDER_PATH)/Pawlease";
			};
			name = Release;
		};
		22B8631F3061722E00AA214D /* Debug */ = {
			isa = XCBuildConfiguration;
			buildSettings = {
				CODE_SIGN_STYLE = Automatic;
				CURRENT_PROJECT_VERSION = 1;
				DEVELOPMENT_TEAM = 4BZG6CR5HT;
				GENERATE_INFOPLIST_FILE = YES;
				MARKETING_VERSION = 1.0;
				PRODUCT_BUNDLE_IDENTIFIER = com.lili.PawleaseUITests;
				PRODUCT_NAME = "$(TARGET_NAME)";
				STRING_CATALOG_GENERATE_SYMBOLS = NO;
				SWIFT_APPROACHABLE_CONCURRENCY = YES;
				SWIFT_EMIT_LOC_STRINGS = NO;
				SWIFT_UPCOMING_FEATURE_MEMBER_IMPORT_VISIBILITY = YES;
				SWIFT_VERSION = 5.0;
				TARGETED_DEVICE_FAMILY = "1,2";
				TEST_TARGET_NAME = Pawlease;
			};
			name = Debug;
		};
		22B863203061722E00AA214D /* Release */ = {
			isa = XCBuildConfiguration;
			buildSettings = {
				CODE_SIGN_STYLE = Automatic;
				CURRENT_PROJECT_VERSION = 1;
				DEVELOPMENT_TEAM = 4BZG6CR5HT;
				GENERATE_INFOPLIST_FILE = YES;
				MARKETING_VERSION = 1.0;
				PRODUCT_BUNDLE_IDENTIFIER = com.lili.PawleaseUITests;
				PRODUCT_NAME = "$(TARGET_NAME)";
				STRING_CATALOG_GENERATE_SYMBOLS = NO;
				SWIFT_APPROACHABLE_CONCURRENCY = YES;
				SWIFT_EMIT_LOC_STRINGS = NO;
				SWIFT_UPCOMING_FEATURE_MEMBER_IMPORT_VISIBILITY = YES;
				SWIFT_VERSION = 5.0;
				TARGETED_DEVICE_FAMILY = "1,2";
				TEST_TARGET_NAME = Pawlease;
			};
			name = Release;
		};
		22B8696E3062B51500AA214D /* Debug */ = {
			isa = XCBuildConfiguration;
			buildSettings = {
				ASSETCATALOG_COMPILER_GLOBAL_ACCENT_COLOR_NAME = AccentColor;
				ASSETCATALOG_COMPILER_WIDGET_BACKGROUND_COLOR_NAME = WidgetBackground;
				CODE_SIGN_ENTITLEMENTS = PawleaseWidgetExtension.entitlements;
				CODE_SIGN_STYLE = Automatic;
				CURRENT_PROJECT_VERSION = 1;
				DEVELOPMENT_TEAM = 4BZG6CR5HT;
				GENERATE_INFOPLIST_FILE = YES;
				INFOPLIST_FILE = PawleaseWidget/Info.plist;
				INFOPLIST_KEY_CFBundleDisplayName = PawleaseWidget;
				INFOPLIST_KEY_NSHumanReadableCopyright = "";
				IPHONEOS_DEPLOYMENT_TARGET = 26.5;
				LD_RUNPATH_SEARCH_PATHS = (
					"$(inherited)",
					"@executable_path/Frameworks",
					"@executable_path/../../Frameworks",
				);
				MARKETING_VERSION = 1.0;
				PRODUCT_BUNDLE_IDENTIFIER = com.lili.Pawlease.PawleaseWidget;
				PRODUCT_NAME = "$(TARGET_NAME)";
				SKIP_INSTALL = YES;
				STRING_CATALOG_GENERATE_SYMBOLS = YES;
				SWIFT_APPROACHABLE_CONCURRENCY = YES;
				SWIFT_EMIT_LOC_STRINGS = YES;
				SWIFT_UPCOMING_FEATURE_MEMBER_IMPORT_VISIBILITY = YES;
				SWIFT_VERSION = 5.0;
				TARGETED_DEVICE_FAMILY = "1,2";
			};
			name = Debug;
		};
		22B8696F3062B51500AA214D /* Release */ = {
			isa = XCBuildConfiguration;
			buildSettings = {
				ASSETCATALOG_COMPILER_GLOBAL_ACCENT_COLOR_NAME = AccentColor;
				ASSETCATALOG_COMPILER_WIDGET_BACKGROUND_COLOR_NAME = WidgetBackground;
				CODE_SIGN_ENTITLEMENTS = PawleaseWidgetExtension.entitlements;
				CODE_SIGN_STYLE = Automatic;
				CURRENT_PROJECT_VERSION = 1;
				DEVELOPMENT_TEAM = 4BZG6CR5HT;
				GENERATE_INFOPLIST_FILE = YES;
				INFOPLIST_FILE = PawleaseWidget/Info.plist;
				INFOPLIST_KEY_CFBundleDisplayName = PawleaseWidget;
				INFOPLIST_KEY_NSHumanReadableCopyright = "";
				IPHONEOS_DEPLOYMENT_TARGET = 26.5;
				LD_RUNPATH_SEARCH_PATHS = (
					"$(inherited)",
					"@executable_path/Frameworks",
					"@executable_path/../../Frameworks",
				);
				MARKETING_VERSION = 1.0;
				PRODUCT_BUNDLE_IDENTIFIER = com.lili.Pawlease.PawleaseWidget;
				PRODUCT_NAME = "$(TARGET_NAME)";
				SKIP_INSTALL = YES;
				STRING_CATALOG_GENERATE_SYMBOLS = YES;
				SWIFT_APPROACHABLE_CONCURRENCY = YES;
				SWIFT_EMIT_LOC_STRINGS = YES;
				SWIFT_UPCOMING_FEATURE_MEMBER_IMPORT_VISIBILITY = YES;
				SWIFT_VERSION = 5.0;
				TARGETED_DEVICE_FAMILY = "1,2";
			};
			name = Release;
		};
/* End XCBuildConfiguration section */

/* Begin XCConfigurationList section */
		2233495B3062EAC20081C815 /* Build configuration list for PBXNativeTarget "PawleaseShareExtension" */ = {
			isa = XCConfigurationList;
			buildConfigurations = (
				2233495C3062EAC20081C815 /* Debug */,
				2233495D3062EAC20081C815 /* Release */,
			);
			defaultConfigurationIsVisible = 0;
			defaultConfigurationName = Release;
		};
		22B862ED3061722D00AA214D /* Build configuration list for PBXProject "Pawlease" */ = {
			isa = XCConfigurationList;
			buildConfigurations = (
				22B863163061722E00AA214D /* Debug */,
				22B863173061722E00AA214D /* Release */,
			);
			defaultConfigurationIsVisible = 0;
			defaultConfigurationName = Release;
		};
		22B863183061722E00AA214D /* Build configuration list for PBXNativeTarget "Pawlease" */ = {
			isa = XCConfigurationList;
			buildConfigurations = (
				22B863193061722E00AA214D /* Debug */,
				22B8631A3061722E00AA214D /* Release */,
			);
			defaultConfigurationIsVisible = 0;
			defaultConfigurationName = Release;
		};
		22B8631B3061722E00AA214D /* Build configuration list for PBXNativeTarget "PawleaseTests" */ = {
			isa = XCConfigurationList;
			buildConfigurations = (
				22B8631C3061722E00AA214D /* Debug */,
				22B8631D3061722E00AA214D /* Release */,
			);
			defaultConfigurationIsVisible = 0;
			defaultConfigurationName = Release;
		};
		22B8631E3061722E00AA214D /* Build configuration list for PBXNativeTarget "PawleaseUITests" */ = {
			isa = XCConfigurationList;
			buildConfigurations = (
				22B8631F3061722E00AA214D /* Debug */,
				22B863203061722E00AA214D /* Release */,
			);
			defaultConfigurationIsVisible = 0;
			defaultConfigurationName = Release;
		};
		22B8696D3062B51500AA214D /* Build configuration list for PBXNativeTarget "PawleaseWidgetExtension" */ = {
			isa = XCConfigurationList;
			buildConfigurations = (
				22B8696E3062B51500AA214D /* Debug */,
				22B8696F3062B51500AA214D /* Release */,
			);
			defaultConfigurationIsVisible = 0;
			defaultConfigurationName = Release;
		};
/* End XCConfigurationList section */
	};
	rootObject = 22B862EA3061722D00AA214D /* Project object */;
}
